# This file is automatically @generated by Cargo.
# It is not intended for manual editing.
version = 3

[[package]]
name = "app-dyn"
version = "0.1.0"
dependencies = [
 "gui",
 "macos-gui",
 "windows-gui",
]

[[package]]
name = "gui"
version = "0.1.0"

[[package]]
name = "macos-gui"
version = "0.1.0"
dependencies = [
 "gui",
]

[[package]]
name = "windows-gui"
version = "0.1.0"
dependencies = [
 "gui",
]
